{
  "originHash" : "ce80d066f8e2cf79b98552a344d88727eda0bf00f53fad9037ede9965516297a",
  "pins" : [
    {
      "identity" : "mtnetworkmanager",
      "kind" : "remoteSourceControl",
      "location" : "https://github.com/armstrongcorner/MTNetworkManager.git",
      "state" : {
        "revision" : "1221926214004907307b268a1b8d74366c12a74f",
        "version" : "0.2.0"
      }
    },
    {
      "identity" : "swiftfulrecursiveui",
      "kind" : "remoteSourceControl",
      "location" : "https://github.com/SwiftfulThinking/SwiftfulRecursiveUI.git",
      "state" : {
        "revision" : "3d2d5ac6efe70874fb5ffb2f8e1d5ccd457f4366",
        "version" : "1.0.2"
      }
    },
    {
      "identity" : "swiftfulrouting",
      "kind" : "remoteSourceControl",
      "location" : "https://github.com/SwiftfulThinking/SwiftfulRouting.git",
      "state" : {
        "revision" : "f169d9a96741a3ec520d21d7da3cae06d7590700",
        "version" : "6.1.8"
      }
    }
  ],
  "version" : 3
}
